{
    "name": "client-code-gen",
    "version": "0.1.0",
    "lockfileVersion": 2,
    "requires": true,
    "packages": {
        "": {
            "name": "client-code-gen",
            "version": "0.1.0",
            "devDependencies": {
                "nswag": "13.10.3"
            }
        },
        "node_modules/nswag": {
            "version": "13.10.3",
            "resolved": "https://registry.npmjs.org/nswag/-/nswag-13.10.3.tgz",
            "integrity": "sha512-RTf0z+vkM17oZyiTPMC0IaBq6/6Sn7jYv3Asow2ESBBxeP7shew9iLbbMBtetWJhk760rPEtIlqMkBgJufn/QQ==",
            "dev": true,
            "bin": {
                "nswag": "bin/nswag.js"
            },
            "engines": {
                "npm": ">=3.10.8"
            }
        }
    },
    "dependencies": {
        "nswag": {
            "version": "13.10.3",
            "resolved": "https://registry.npmjs.org/nswag/-/nswag-13.10.3.tgz",
            "integrity": "sha512-RTf0z+vkM17oZyiTPMC0IaBq6/6Sn7jYv3Asow2ESBBxeP7shew9iLbbMBtetWJhk760rPEtIlqMkBgJufn/QQ==",
            "dev": true
        }
    }
}
